Microsoft Visual Studio Solution File, Format Version 12.00
# Visual Studio Version 17
VisualStudioVersion = 17.5.2.0
MinimumVisualStudioVersion = 10.0.40219.1
Project("{FAE04EC0-301F-11D3-BF4B-00C04F79EFBC}") = "001_webapi", "api\001_webapi.csproj", "{854F8159-B27C-122B-70C8-A80DBC5E28C1}"
EndProject
Global
	GlobalSection(SolutionConfigurationPlatforms) = preSolution
		Debug|Any CPU = Debug|Any CPU
		Release|Any CPU = Release|Any CPU
	EndGlobalSection
	GlobalSection(ProjectConfigurationPlatforms) = postSolution
		{854F8159-B27C-122B-70C8-A80DBC5E28C1}.Debug|Any CPU.ActiveCfg = Debug|Any CPU
		{854F8159-B27C-122B-70C8-A80DBC5E28C1}.Debug|Any CPU.Build.0 = Debug|Any CPU
		{854F8159-B27C-122B-70C8-A80DBC5E28C1}.Release|Any CPU.ActiveCfg = Release|Any CPU
		{854F8159-B27C-122B-70C8-A80DBC5E28C1}.Release|Any CPU.Build.0 = Release|Any CPU
	EndGlobalSection
	GlobalSection(SolutionProperties) = preSolution
		HideSolutionNode = FALSE
	EndGlobalSection
	GlobalSection(ExtensibilityGlobals) = postSolution
		SolutionGuid = {D06E5AEE-16F0-4110-B328-325E880ED28B}
	EndGlobalSection
EndGlobal
